
Microsoft Visual Studio Solution File, Format Version 12.00
# Visual Studio Version 17
VisualStudioVersion = 17.1.32407.343
MinimumVisualStudioVersion = 10.0.40219.1
Project("{FAE04EC0-301F-11D3-BF4B-00C04F79EFBC}") = "LOGIN AND CRUD", "LOGIN AND CRUD\LOGIN AND CRUD.csproj", "{883ADBC2-7793-4DED-ABCB-167B01F61B82}"
EndProject
Global
	GlobalSection(SolutionConfigurationPlatforms) = preSolution
		Debug|Any CPU = Debug|Any CPU
		Release|Any CPU = Release|Any CPU
	EndGlobalSection
	GlobalSection(ProjectConfigurationPlatforms) = postSolution
		{883ADBC2-7793-4DED-ABCB-167B01F61B82}.Debug|Any CPU.ActiveCfg = Debug|Any CPU
		{883ADBC2-7793-4DED-ABCB-167B01F61B82}.Debug|Any CPU.Build.0 = Debug|Any CPU
		{883ADBC2-7793-4DED-ABCB-167B01F61B82}.Release|Any CPU.ActiveCfg = Release|Any CPU
		{883ADBC2-7793-4DED-ABCB-167B01F61B82}.Release|Any CPU.Build.0 = Release|Any CPU
	EndGlobalSection
	GlobalSection(SolutionProperties) = preSolution
		HideSolutionNode = FALSE
	EndGlobalSection
	GlobalSection(ExtensibilityGlobals) = postSolution
		SolutionGuid = {5468429E-FBFE-4780-9F19-EB648339CE65}
	EndGlobalSection
EndGlobal
