
Microsoft Visual Studio Solution File, Format Version 12.00
# Visual Studio Version 17
VisualStudioVersion = 17.1.32210.238
MinimumVisualStudioVersion = 10.0.40219.1
Project("{FAE04EC0-301F-11D3-BF4B-00C04F79EFBC}") = "Group Project", "Group Project\Group Project.csproj", "{3586269F-5E80-4A73-B14C-A20DA335AF4E}"
EndProject
Global
	GlobalSection(SolutionConfigurationPlatforms) = preSolution
		Debug|Any CPU = Debug|Any CPU
		Release|Any CPU = Release|Any CPU
	EndGlobalSection
	GlobalSection(ProjectConfigurationPlatforms) = postSolution
		{3586269F-5E80-4A73-B14C-A20DA335AF4E}.Debug|Any CPU.ActiveCfg = Debug|Any CPU
		{3586269F-5E80-4A73-B14C-A20DA335AF4E}.Debug|Any CPU.Build.0 = Debug|Any CPU
		{3586269F-5E80-4A73-B14C-A20DA335AF4E}.Release|Any CPU.ActiveCfg = Release|Any CPU
		{3586269F-5E80-4A73-B14C-A20DA335AF4E}.Release|Any CPU.Build.0 = Release|Any CPU
	EndGlobalSection
	GlobalSection(SolutionProperties) = preSolution
		HideSolutionNode = FALSE
	EndGlobalSection
	GlobalSection(ExtensibilityGlobals) = postSolution
		SolutionGuid = {AD9D6C04-4796-4FDC-91DD-865BCBEAE18C}
	EndGlobalSection
EndGlobal
